
Microsoft Visual Studio Solution File, Format Version 11.00
# Visual C++ Express 2010
Project("{8BC9CEB8-8B4A-11D0-8D11-00A0C91BC942}") = "Plonk", "Plonk\Plonk.vcxproj", "{1C2673ED-B9A6-4F29-AEA5-A15E5E025BA9}"
EndProject
Global
	GlobalSection(SolutionConfigurationPlatforms) = preSolution
		Debug|Win32 = Debug|Win32
		Release|Win32 = Release|Win32
	EndGlobalSection
	GlobalSection(ProjectConfigurationPlatforms) = postSolution
		{1C2673ED-B9A6-4F29-AEA5-A15E5E025BA9}.Debug|Win32.ActiveCfg = Debug|Win32
		{1C2673ED-B9A6-4F29-AEA5-A15E5E025BA9}.Debug|Win32.Build.0 = Debug|Win32
		{1C2673ED-B9A6-4F29-AEA5-A15E5E025BA9}.Release|Win32.ActiveCfg = Release|Win32
		{1C2673ED-B9A6-4F29-AEA5-A15E5E025BA9}.Release|Win32.Build.0 = Release|Win32
	EndGlobalSection
	GlobalSection(SolutionProperties) = preSolution
		HideSolutionNode = FALSE
	EndGlobalSection
EndGlobal
