<?xml version="1.0" encoding="utf-8"?>
<Project ToolsVersion="4.0" xmlns="http://schemas.microsoft.com/developer/msbuild/2003">
  <ItemGroup>
    <Filter Include="Source Files">
      <UniqueIdentifier>{4FC737F1-C7A5-4376-A066-2A32D752A2FF}</UniqueIdentifier>
      <Extensions>cpp;c;cc;cxx;def;odl;idl;hpj;bat;asm;asmx</Extensions>
    </Filter>
    <Filter Include="Header Files">
      <UniqueIdentifier>{93995380-89BD-4b04-88EB-625FBE52EBFB}</UniqueIdentifier>
      <Extensions>h;hpp;hxx;hm;inl;inc;xsd</Extensions>
    </Filter>
    <Filter Include="Resource Files">
      <UniqueIdentifier>{67DA6AB6-F800-4c08-8B7A-83BB121AAD01}</UniqueIdentifier>
      <Extensions>rc;ico;cur;bmp;dlg;rc2;rct;bin;rgs;gif;jpg;jpeg;jpe;resx;tiff;tif;png;wav;mfcribbon-ms</Extensions>
    </Filter>
    <Filter Include="Header Files\Engine">
      <UniqueIdentifier>{9766ab5e-a1b3-4289-8bbf-98ff35c29f36}</UniqueIdentifier>
    </Filter>
    <Filter Include="Header Files\Engine\Assets">
      <UniqueIdentifier>{d7e61ea6-da6f-4e5f-a7f1-317d811c7848}</UniqueIdentifier>
    </Filter>
    <Filter Include="Header Files\Engine\ObjectManager">
      <UniqueIdentifier>{755d9d9d-4bea-42e7-9725-c301ac87abfe}</UniqueIdentifier>
    </Filter>
    <Filter Include="Header Files\Engine\StateManager">
      <UniqueIdentifier>{b76a6de5-c33b-49f1-b5c4-6bbb008b978a}</UniqueIdentifier>
    </Filter>
    <Filter Include="Header Files\Engine\GUI">
      <UniqueIdentifier>{0a494c06-6cb3-4a12-9017-9fc1499bae35}</UniqueIdentifier>
    </Filter>
    <Filter Include="Header Files\Engine\Sprites">
      <UniqueIdentifier>{497a8373-357c-4f2a-b479-84109da6ab80}</UniqueIdentifier>
    </Filter>
    <Filter Include="Header Files\Engine\Input">
      <UniqueIdentifier>{6980b1c5-cb94-4e08-9210-ded4f1d43fbc}</UniqueIdentifier>
    </Filter>
    <Filter Include="Source Files\Engine">
      <UniqueIdentifier>{11ca5150-5cd5-4c00-88a0-b220899a3ec6}</UniqueIdentifier>
    </Filter>
    <Filter Include="Source Files\Engine\Assets">
      <UniqueIdentifier>{f2b1e94c-1862-4a6e-aa7e-3a71a8722e51}</UniqueIdentifier>
    </Filter>
    <Filter Include="Source Files\Engine\GUI">
      <UniqueIdentifier>{f164ab01-8789-4213-88eb-a523482cccca}</UniqueIdentifier>
    </Filter>
    <Filter Include="Source Files\Engine\Input">
      <UniqueIdentifier>{6f11f224-d76f-4418-8f31-56955714b0e3}</UniqueIdentifier>
    </Filter>
    <Filter Include="Source Files\Engine\Sprites">
      <UniqueIdentifier>{69e1cc1c-cf4d-4b58-ac25-487c797bcc1d}</UniqueIdentifier>
    </Filter>
    <Filter Include="Source Files\Engine\StateManager">
      <UniqueIdentifier>{74cfc7a2-1534-479f-a498-72f9b714b98a}</UniqueIdentifier>
    </Filter>
    <Filter Include="Source Files\Engine\ObjectManager">
      <UniqueIdentifier>{e4706981-66c4-4e32-947a-356e1600c7c4}</UniqueIdentifier>
    </Filter>
    <Filter Include="Header Files\Physics">
      <UniqueIdentifier>{d7844b9e-7a5f-4aab-b84a-0c793ccd12f7}</UniqueIdentifier>
    </Filter>
    <Filter Include="Source Files\Physics">
      <UniqueIdentifier>{e949d129-7533-49ed-baef-17e7b2c63ff8}</UniqueIdentifier>
    </Filter>
  </ItemGroup>
  <ItemGroup>
    <ClInclude Include="MainMenu.h">
      <Filter>Header Files</Filter>
    </ClInclude>
    <ClInclude Include="PlayState.h">
      <Filter>Header Files</Filter>
    </ClInclude>
    <ClInclude Include="Game1.h">
      <Filter>Header Files</Filter>
    </ClInclude>
    <ClInclude Include="Game.h">
      <Filter>Header Files\Engine</Filter>
    </ClInclude>
    <ClInclude Include="Asset.h">
      <Filter>Header Files\Engine\Assets</Filter>
    </ClInclude>
    <ClInclude Include="AssetManager.h">
      <Filter>Header Files\Engine\Assets</Filter>
    </ClInclude>
    <ClInclude Include="TextureAsset.h">
      <Filter>Header Files\Engine\Assets</Filter>
    </ClInclude>
    <ClInclude Include="StateManager.h">
      <Filter>Header Files\Engine\StateManager</Filter>
    </ClInclude>
    <ClInclude Include="GameState.h">
      <Filter>Header Files\Engine\StateManager</Filter>
    </ClInclude>
    <ClInclude Include="ObjectManager.h">
      <Filter>Header Files\Engine\ObjectManager</Filter>
    </ClInclude>
    <ClInclude Include="GameObject.h">
      <Filter>Header Files\Engine\ObjectManager</Filter>
    </ClInclude>
    <ClInclude Include="GUIState.h">
      <Filter>Header Files\Engine\GUI</Filter>
    </ClInclude>
    <ClInclude Include="GuiElement.h">
      <Filter>Header Files\Engine\GUI</Filter>
    </ClInclude>
    <ClInclude Include="GuiButton.h">
      <Filter>Header Files\Engine\GUI</Filter>
    </ClInclude>
    <ClInclude Include="FontAsset.h">
      <Filter>Header Files\Engine\Assets</Filter>
    </ClInclude>
    <ClInclude Include="SpriteSheet.h">
      <Filter>Header Files\Engine\Sprites</Filter>
    </ClInclude>
    <ClInclude Include="Animation.h">
      <Filter>Header Files\Engine\Sprites</Filter>
    </ClInclude>
    <ClInclude Include="AnimatedSprite.h">
      <Filter>Header Files\Engine\Sprites</Filter>
    </ClInclude>
    <ClInclude Include="InputHandler.h">
      <Filter>Header Files\Engine\Input</Filter>
    </ClInclude>
    <ClInclude Include="KeyboardState.h">
      <Filter>Header Files\Engine\Input</Filter>
    </ClInclude>
    <ClInclude Include="MouseState.h">
      <Filter>Header Files\Engine\Input</Filter>
    </ClInclude>
    <ClInclude Include="Wall.h">
      <Filter>Header Files</Filter>
    </ClInclude>
    <ClInclude Include="Body.h">
      <Filter>Header Files\Physics</Filter>
    </ClInclude>
    <ClInclude Include="Rectangle.h">
      <Filter>Header Files\Physics</Filter>
    </ClInclude>
    <ClInclude Include="Shape.h">
      <Filter>Header Files\Physics</Filter>
    </ClInclude>
    <ClInclude Include="World.h">
      <Filter>Header Files\Physics</Filter>
    </ClInclude>
    <ClInclude Include="Ball.h">
      <Filter>Header Files</Filter>
    </ClInclude>
    <ClInclude Include="Collision.h">
      <Filter>Header Files</Filter>
    </ClInclude>
  </ItemGroup>
  <ItemGroup>
    <ClCompile Include="main.cpp">
      <Filter>Source Files</Filter>
    </ClCompile>
    <ClCompile Include="MainMenu.cpp">
      <Filter>Source Files</Filter>
    </ClCompile>
    <ClCompile Include="PlayState.cpp">
      <Filter>Source Files</Filter>
    </ClCompile>
    <ClCompile Include="Game1.cpp">
      <Filter>Source Files</Filter>
    </ClCompile>
    <ClCompile Include="AnimatedSprite.cpp">
      <Filter>Source Files\Engine\Sprites</Filter>
    </ClCompile>
    <ClCompile Include="Animation.cpp">
      <Filter>Source Files\Engine\Sprites</Filter>
    </ClCompile>
    <ClCompile Include="SpriteSheet.cpp">
      <Filter>Source Files\Engine\Sprites</Filter>
    </ClCompile>
    <ClCompile Include="GUIState.cpp">
      <Filter>Source Files\Engine\GUI</Filter>
    </ClCompile>
    <ClCompile Include="GuiElement.cpp">
      <Filter>Source Files\Engine\GUI</Filter>
    </ClCompile>
    <ClCompile Include="GuiButton.cpp">
      <Filter>Source Files\Engine\GUI</Filter>
    </ClCompile>
    <ClCompile Include="Asset.cpp">
      <Filter>Source Files\Engine\Assets</Filter>
    </ClCompile>
    <ClCompile Include="AssetManager.cpp">
      <Filter>Source Files\Engine\Assets</Filter>
    </ClCompile>
    <ClCompile Include="FontAsset.cpp">
      <Filter>Source Files\Engine\Assets</Filter>
    </ClCompile>
    <ClCompile Include="TextureAsset.cpp">
      <Filter>Source Files\Engine\Assets</Filter>
    </ClCompile>
    <ClCompile Include="ObjectManager.cpp">
      <Filter>Source Files\Engine\ObjectManager</Filter>
    </ClCompile>
    <ClCompile Include="GameObject.cpp">
      <Filter>Source Files\Engine\ObjectManager</Filter>
    </ClCompile>
    <ClCompile Include="GameState.cpp">
      <Filter>Source Files\Engine\StateManager</Filter>
    </ClCompile>
    <ClCompile Include="StateManager.cpp">
      <Filter>Source Files\Engine\StateManager</Filter>
    </ClCompile>
    <ClCompile Include="InputHandler.cpp">
      <Filter>Source Files\Engine\Input</Filter>
    </ClCompile>
    <ClCompile Include="KeyboardState.cpp">
      <Filter>Source Files\Engine\Input</Filter>
    </ClCompile>
    <ClCompile Include="MouseState.cpp">
      <Filter>Source Files\Engine\Input</Filter>
    </ClCompile>
    <ClCompile Include="Game.cpp">
      <Filter>Source Files\Engine</Filter>
    </ClCompile>
    <ClCompile Include="Wall.cpp">
      <Filter>Source Files</Filter>
    </ClCompile>
    <ClCompile Include="Rectangle.cpp">
      <Filter>Source Files\Physics</Filter>
    </ClCompile>
    <ClCompile Include="Shape.cpp">
      <Filter>Source Files\Physics</Filter>
    </ClCompile>
    <ClCompile Include="World.cpp">
      <Filter>Source Files\Physics</Filter>
    </ClCompile>
    <ClCompile Include="Body.cpp">
      <Filter>Source Files\Physics</Filter>
    </ClCompile>
    <ClCompile Include="Ball.cpp">
      <Filter>Source Files</Filter>
    </ClCompile>
    <ClCompile Include="Collision.cpp">
      <Filter>Source Files</Filter>
    </ClCompile>
  </ItemGroup>
</Project>